PODS:
  - automl_image_labeling (0.0.1):
    - Flutter
    - GoogleMLKit/ImageLabelingAutoML (= 0.64.0)
  - camera2 (0.0.1):
    - Flutter
  - Flutter (1.0.0)
  - GoogleDataTransport (8.0.0):
    - nanopb (~> 2.30906.0)
  - GoogleMLKit/ImageLabelingAutoML (0.64.0):
    - GoogleMLKit/MLKitCore
    - MLKitImageLabelingAutoML (~> 0.64.0)
  - GoogleMLKit/MLKitCore (0.64.0):
    - MLKitCommon (~> 0.64.0)
  - GoogleToolboxForMac/DebugUtils (2.3.0):
    - GoogleToolboxForMac/Defines (= 2.3.0)
  - GoogleToolboxForMac/Defines (2.3.0)
  - GoogleToolboxForMac/Logger (2.3.0):
    - GoogleToolboxForMac/Defines (= 2.3.0)
  - "GoogleToolboxForMac/NSData+zlib (2.3.0)":
    - GoogleToolboxForMac/Defines (= 2.3.0)
  - "GoogleToolboxForMac/NSDictionary+URLArguments (2.3.0)":
    - GoogleToolboxForMac/DebugUtils (= 2.3.0)
    - GoogleToolboxForMac/Defines (= 2.3.0)
    - "GoogleToolboxForMac/NSString+URLArguments (= 2.3.0)"
  - "GoogleToolboxForMac/NSString+URLArguments (2.3.0)"
  - GoogleUtilities/Environment (7.0.0):
    - PromisesObjC (~> 1.2)
  - GoogleUtilities/Logger (7.0.0):
    - GoogleUtilities/Environment
  - GoogleUtilities/UserDefaults (7.0.0):
    - GoogleUtilities/Logger
  - GoogleUtilitiesComponents (1.0.0):
    - GoogleUtilities/Logger
  - GTMSessionFetcher/Core (1.5.0)
  - MLKitCommon (0.64.2):
    - GoogleDataTransport (~> 8.0)
    - GoogleToolboxForMac/Logger (~> 2.1)
    - "GoogleToolboxForMac/NSData+zlib (~> 2.1)"
    - "GoogleToolboxForMac/NSDictionary+URLArguments (~> 2.1)"
    - GoogleUtilities/UserDefaults (~> 7.0)
    - GoogleUtilitiesComponents (~> 1.0)
    - GTMSessionFetcher/Core (~> 1.1)
    - Protobuf (~> 3.12)
  - MLKitImageLabelingAutoML (0.64.0):
    - GTMSessionFetcher/Core (~> 1.1)
    - MLKitCommon (~> 0.64)
    - MLKitImageLabelingCommon (~> 0.64)
    - MLKitVision (~> 0.64)
    - TensorFlowLiteObjC (~> 2.3.0)
  - MLKitImageLabelingCommon (0.64.0):
    - MLKitCommon (~> 0.64)
    - MLKitVision (~> 0.64)
  - MLKitVision (0.64.0):
    - GoogleToolboxForMac/Logger (~> 2.1)
    - "GoogleToolboxForMac/NSData+zlib (~> 2.1)"
    - GTMSessionFetcher/Core (~> 1.1)
    - MLKitCommon (~> 0.64)
    - Protobuf (~> 3.12)
  - nanopb (2.30906.0):
    - nanopb/decode (= 2.30906.0)
    - nanopb/encode (= 2.30906.0)
  - nanopb/decode (2.30906.0)
  - nanopb/encode (2.30906.0)
  - "permission_handler (5.0.1+1)":
    - Flutter
  - PromisesObjC (1.2.11)
  - Protobuf (3.13.0)
  - TensorFlowLiteC (2.3.0):
    - TensorFlowLiteC/Core (= 2.3.0)
  - TensorFlowLiteC/Core (2.3.0)
  - TensorFlowLiteObjC (2.3.0):
    - TensorFlowLiteC (= 2.3.0)

DEPENDENCIES:
  - automl_image_labeling (from `.symlinks/plugins/automl_image_labeling/ios`)
  - camera2 (from `.symlinks/plugins/camera2/ios`)
  - Flutter (from `Flutter`)
  - permission_handler (from `.symlinks/plugins/permission_handler/ios`)

SPEC REPOS:
  trunk:
    - GoogleDataTransport
    - GoogleMLKit
    - GoogleToolboxForMac
    - GoogleUtilities
    - GoogleUtilitiesComponents
    - GTMSessionFetcher
    - MLKitCommon
    - MLKitImageLabelingAutoML
    - MLKitImageLabelingCommon
    - MLKitVision
    - nanopb
    - PromisesObjC
    - Protobuf
    - TensorFlowLiteC
    - TensorFlowLiteObjC

EXTERNAL SOURCES:
  automl_image_labeling:
    :path: ".symlinks/plugins/automl_image_labeling/ios"
  camera2:
    :path: ".symlinks/plugins/camera2/ios"
  Flutter:
    :path: Flutter
  permission_handler:
    :path: ".symlinks/plugins/permission_handler/ios"

SPEC CHECKSUMS:
  automl_image_labeling: a846f18bcc76501a51ff5e1d36e41414fbe5183f
  camera2: 5a45ac7cd03a862941c6e48df901ce077901a830
  Flutter: 0e3d915762c693b495b44d77113d4970485de6ec
  GoogleDataTransport: 6ce8004a961db1b905740d7be106c61ba7e89c21
  GoogleMLKit: 3c1f895592d95625eb57b8e66d4f13a5d36f9b49
  GoogleToolboxForMac: 1350d40e86a76f7863928d63bcb0b89c84c521c5
  GoogleUtilities: ffb2f4159f2c897c6e8992bd7fbcdef8a300589c
  GoogleUtilitiesComponents: a69c0b3b369ba443e988141e75ef49d9010b1c80
  GTMSessionFetcher: b3503b20a988c4e20cc189aa798fd18220133f52
  MLKitCommon: bc4f9fc68ea0edba2e8cbb16805df924f40b0e38
  MLKitImageLabelingAutoML: 8a7785fe4a9a2c24190dfb00aba9378d8f35619d
  MLKitImageLabelingCommon: d19331b35951dadfb90e399f528ffff49a53ab28
  MLKitVision: bd96ec12ea19d589435523c914766538da259161
  nanopb: 1bf24dd71191072e120b83dd02d08f3da0d65e53
  permission_handler: eac8e15b4a1a3fba55b761d19f3f4e6b005d15b6
  PromisesObjC: 8c196f5a328c2cba3e74624585467a557dcb482f
  Protobuf: 3dac39b34a08151c6d949560efe3f86134a3f748
  TensorFlowLiteC: 51f50caf5777f740a70e2c1a5dbdc149e7aeb50b
  TensorFlowLiteObjC: 5b358503636cffcbbafd8b0ac9badb577fd72800

PODFILE CHECKSUM: 7368163408c647b7eb699d0d788ba6718e18fb8d

COCOAPODS: 1.9.3
